
Microsoft Visual Studio Solution File, Format Version 12.00
# Visual Studio 2013
VisualStudioVersion = 12.0.31101.0
MinimumVisualStudioVersion = 10.0.40219.1
Project("{FAE04EC0-301F-11D3-BF4B-00C04F79EFBC}") = "GreedyAlgorithms_and_MinimumSpanningTree", "GreedyAlgorithms_and_MinimumSpanningTree\GreedyAlgorithms_and_MinimumSpanningTree.csproj", "{02ACA89C-9911-4978-A646-9D52596224F8}"
EndProject
Project("{FAE04EC0-301F-11D3-BF4B-00C04F79EFBC}") = "KruskalAlgorithm", "KruskalAlgorithm\KruskalAlgorithm.csproj", "{53D89EDF-F9D1-4C79-BCAC-85CC4234EB2E}"
EndProject
Project("{FAE04EC0-301F-11D3-BF4B-00C04F79EFBC}") = "KnapsackAlgorithm", "KnapsackAlgorithm\KnapsackAlgorithm.csproj", "{6EDB0D48-8936-465C-A05F-B783984C6CEA}"
EndProject
Global
	GlobalSection(SolutionConfigurationPlatforms) = preSolution
		Debug|Any CPU = Debug|Any CPU
		Release|Any CPU = Release|Any CPU
	EndGlobalSection
	GlobalSection(ProjectConfigurationPlatforms) = postSolution
		{02ACA89C-9911-4978-A646-9D52596224F8}.Debug|Any CPU.ActiveCfg = Debug|Any CPU
		{02ACA89C-9911-4978-A646-9D52596224F8}.Debug|Any CPU.Build.0 = Debug|Any CPU
		{02ACA89C-9911-4978-A646-9D52596224F8}.Release|Any CPU.ActiveCfg = Release|Any CPU
		{02ACA89C-9911-4978-A646-9D52596224F8}.Release|Any CPU.Build.0 = Release|Any CPU
		{53D89EDF-F9D1-4C79-BCAC-85CC4234EB2E}.Debug|Any CPU.ActiveCfg = Debug|Any CPU
		{53D89EDF-F9D1-4C79-BCAC-85CC4234EB2E}.Debug|Any CPU.Build.0 = Debug|Any CPU
		{53D89EDF-F9D1-4C79-BCAC-85CC4234EB2E}.Release|Any CPU.ActiveCfg = Release|Any CPU
		{53D89EDF-F9D1-4C79-BCAC-85CC4234EB2E}.Release|Any CPU.Build.0 = Release|Any CPU
		{6EDB0D48-8936-465C-A05F-B783984C6CEA}.Debug|Any CPU.ActiveCfg = Debug|Any CPU
		{6EDB0D48-8936-465C-A05F-B783984C6CEA}.Debug|Any CPU.Build.0 = Debug|Any CPU
		{6EDB0D48-8936-465C-A05F-B783984C6CEA}.Release|Any CPU.ActiveCfg = Release|Any CPU
		{6EDB0D48-8936-465C-A05F-B783984C6CEA}.Release|Any CPU.Build.0 = Release|Any CPU
	EndGlobalSection
	GlobalSection(SolutionProperties) = preSolution
		HideSolutionNode = FALSE
	EndGlobalSection
EndGlobal
